
Microsoft Visual Studio Solution File, Format Version 12.00
# Visual Studio 2012
Project("{FAE04EC0-301F-11D3-BF4B-00C04F79EFBC}") = "EventTracker.Web.Service.Application", "Services\EventTracker.Web.Services.Application\EventTracker.Web.Service.Application.csproj", "{9D0DE291-B590-428D-829F-3860B11CB883}"
EndProject
Project("{2150E333-8FDC-42A3-9474-1A3956D46DE8}") = "UI", "UI", "{EB5D6724-2D8C-4A92-8013-1C1830D847CA}"
EndProject
Project("{2150E333-8FDC-42A3-9474-1A3956D46DE8}") = "Services", "Services", "{7B662A64-D2EB-4730-8F4E-59825387BEBC}"
EndProject
Project("{2150E333-8FDC-42A3-9474-1A3956D46DE8}") = "Business", "Business", "{608F9178-BE7E-4FF8-8D00-508D16C5B600}"
EndProject
Project("{2150E333-8FDC-42A3-9474-1A3956D46DE8}") = "Data", "Data", "{4B72ABBE-F91B-49E0-9433-0D067E53D0B4}"
EndProject
Project("{FAE04EC0-301F-11D3-BF4B-00C04F79EFBC}") = "EventTracker.Web.Services", "Services\EventTracker.Web.Services\EventTracker.Web.Services.csproj", "{B9E6C57C-DB42-4668-8051-8C9E48CD3441}"
EndProject
Project("{2150E333-8FDC-42A3-9474-1A3956D46DE8}") = "Solution Items", "Solution Items", "{FA22D55F-8671-407A-A1EE-98E1EEFA6294}"
	ProjectSection(SolutionItems) = preProject
		SharedAssemblyInfo.cs = SharedAssemblyInfo.cs
	EndProjectSection
EndProject
Global
	GlobalSection(SolutionConfigurationPlatforms) = preSolution
		Debug|Any CPU = Debug|Any CPU
		Release|Any CPU = Release|Any CPU
	EndGlobalSection
	GlobalSection(ProjectConfigurationPlatforms) = postSolution
		{9D0DE291-B590-428D-829F-3860B11CB883}.Debug|Any CPU.ActiveCfg = Debug|Any CPU
		{9D0DE291-B590-428D-829F-3860B11CB883}.Debug|Any CPU.Build.0 = Debug|Any CPU
		{9D0DE291-B590-428D-829F-3860B11CB883}.Release|Any CPU.ActiveCfg = Release|Any CPU
		{9D0DE291-B590-428D-829F-3860B11CB883}.Release|Any CPU.Build.0 = Release|Any CPU
		{B9E6C57C-DB42-4668-8051-8C9E48CD3441}.Debug|Any CPU.ActiveCfg = Debug|Any CPU
		{B9E6C57C-DB42-4668-8051-8C9E48CD3441}.Debug|Any CPU.Build.0 = Debug|Any CPU
		{B9E6C57C-DB42-4668-8051-8C9E48CD3441}.Release|Any CPU.ActiveCfg = Release|Any CPU
		{B9E6C57C-DB42-4668-8051-8C9E48CD3441}.Release|Any CPU.Build.0 = Release|Any CPU
	EndGlobalSection
	GlobalSection(SolutionProperties) = preSolution
		HideSolutionNode = FALSE
	EndGlobalSection
	GlobalSection(NestedProjects) = preSolution
		{9D0DE291-B590-428D-829F-3860B11CB883} = {7B662A64-D2EB-4730-8F4E-59825387BEBC}
		{B9E6C57C-DB42-4668-8051-8C9E48CD3441} = {7B662A64-D2EB-4730-8F4E-59825387BEBC}
	EndGlobalSection
EndGlobal
